
Microsoft Visual Studio Solution File, Format Version 12.00
# Visual Studio 15
VisualStudioVersion = 15.0.27703.2000
MinimumVisualStudioVersion = 10.0.40219.1
Project("{FAE04EC0-301F-11D3-BF4B-00C04F79EFBC}") = "TimelineControl.Sample", "TimelineControl.Sample\TimelineControl.Sample.csproj", "{7E91F8DD-0CD1-4DF4-B18A-ED7CC83D47BC}"
EndProject
Project("{FAE04EC0-301F-11D3-BF4B-00C04F79EFBC}") = "WpfExtension.Timeline", "ControlWpf.Timeline\WpfExtension.Timeline.csproj", "{0DEB0510-B12A-4278-8CDA-F514E237D833}"
EndProject
Global
	GlobalSection(SolutionConfigurationPlatforms) = preSolution
		Debug|Any CPU = Debug|Any CPU
		Release|Any CPU = Release|Any CPU
	EndGlobalSection
	GlobalSection(ProjectConfigurationPlatforms) = postSolution
		{7E91F8DD-0CD1-4DF4-B18A-ED7CC83D47BC}.Debug|Any CPU.ActiveCfg = Debug|Any CPU
		{7E91F8DD-0CD1-4DF4-B18A-ED7CC83D47BC}.Debug|Any CPU.Build.0 = Debug|Any CPU
		{7E91F8DD-0CD1-4DF4-B18A-ED7CC83D47BC}.Release|Any CPU.ActiveCfg = Release|Any CPU
		{7E91F8DD-0CD1-4DF4-B18A-ED7CC83D47BC}.Release|Any CPU.Build.0 = Release|Any CPU
		{0DEB0510-B12A-4278-8CDA-F514E237D833}.Debug|Any CPU.ActiveCfg = Debug|Any CPU
		{0DEB0510-B12A-4278-8CDA-F514E237D833}.Debug|Any CPU.Build.0 = Debug|Any CPU
		{0DEB0510-B12A-4278-8CDA-F514E237D833}.Release|Any CPU.ActiveCfg = Release|Any CPU
		{0DEB0510-B12A-4278-8CDA-F514E237D833}.Release|Any CPU.Build.0 = Release|Any CPU
	EndGlobalSection
	GlobalSection(SolutionProperties) = preSolution
		HideSolutionNode = FALSE
	EndGlobalSection
	GlobalSection(ExtensibilityGlobals) = postSolution
		SolutionGuid = {91569A61-481C-48C9-9003-B9B68E38ECA2}
	EndGlobalSection
EndGlobal
